
Microsoft Visual Studio Solution File, Format Version 12.00
# Visual Studio Version 16
VisualStudioVersion = 16.0.29905.134
MinimumVisualStudioVersion = 10.0.40219.1
Project("{9A19103F-16F7-4668-BE54-9A1E7A4F7556}") = "GridGrundlagen", "GridGrundlagen\GridGrundlagen.csproj", "{45EC3253-15A6-4EDA-A704-E181E90DBDCA}"
EndProject
Project("{2150E333-8FDC-42A3-9474-1A3956D46DE8}") = "GitHub-Dateien", "GitHub-Dateien", "{3EC103D3-984C-4B5F-9C57-2FB47C5841E1}"
	ProjectSection(SolutionItems) = preProject
		LICENSE = LICENSE
		README.md = README.md
	EndProjectSection
EndProject
Global
	GlobalSection(SolutionConfigurationPlatforms) = preSolution
		Debug|Any CPU = Debug|Any CPU
		Release|Any CPU = Release|Any CPU
	EndGlobalSection
	GlobalSection(ProjectConfigurationPlatforms) = postSolution
		{45EC3253-15A6-4EDA-A704-E181E90DBDCA}.Debug|Any CPU.ActiveCfg = Debug|Any CPU
		{45EC3253-15A6-4EDA-A704-E181E90DBDCA}.Debug|Any CPU.Build.0 = Debug|Any CPU
		{45EC3253-15A6-4EDA-A704-E181E90DBDCA}.Release|Any CPU.ActiveCfg = Release|Any CPU
		{45EC3253-15A6-4EDA-A704-E181E90DBDCA}.Release|Any CPU.Build.0 = Release|Any CPU
	EndGlobalSection
	GlobalSection(SolutionProperties) = preSolution
		HideSolutionNode = FALSE
	EndGlobalSection
	GlobalSection(ExtensibilityGlobals) = postSolution
		SolutionGuid = {45517558-85F0-404C-B52C-41CB1F9833C6}
	EndGlobalSection
EndGlobal
